
Microsoft Visual Studio Solution File, Format Version 12.00
# Visual Studio Version 17
VisualStudioVersion = 17.13.35806.99 d17.13
MinimumVisualStudioVersion = 10.0.40219.1
Project("{FAE04EC0-301F-11D3-BF4B-00C04F79EFBC}") = "PROG6221 POE PART 3", "PROG6221 POE PART 3\PROG6221 POE PART 3.csproj", "{5B603338-95F3-4BFA-B31E-3A8CA3EC9DF5}"
EndProject
Global
	GlobalSection(SolutionConfigurationPlatforms) = preSolution
		Debug|Any CPU = Debug|Any CPU
		Release|Any CPU = Release|Any CPU
	EndGlobalSection
	GlobalSection(ProjectConfigurationPlatforms) = postSolution
		{5B603338-95F3-4BFA-B31E-3A8CA3EC9DF5}.Debug|Any CPU.ActiveCfg = Debug|Any CPU
		{5B603338-95F3-4BFA-B31E-3A8CA3EC9DF5}.Debug|Any CPU.Build.0 = Debug|Any CPU
		{5B603338-95F3-4BFA-B31E-3A8CA3EC9DF5}.Release|Any CPU.ActiveCfg = Release|Any CPU
		{5B603338-95F3-4BFA-B31E-3A8CA3EC9DF5}.Release|Any CPU.Build.0 = Release|Any CPU
	EndGlobalSection
	GlobalSection(SolutionProperties) = preSolution
		HideSolutionNode = FALSE
	EndGlobalSection
	GlobalSection(ExtensibilityGlobals) = postSolution
		SolutionGuid = {88EDDC6A-86D0-4FF1-9E40-AF82473CFDCC}
	EndGlobalSection
EndGlobal
